{
  "version": 4,
  "terraform_version": "1.5.7",
  "serial": 82,
  "lineage": "9302c001-b96e-6003-4a47-0008e5a964c0",
  "outputs": {},
  "resources": [
    {
      "module": "module.security_group",
      "mode": "managed",
      "type": "aws_security_group",
      "name": "allow_development_ports",
      "provider": "provider[\"registry.terraform.io/hashicorp/aws\"]",
      "instances": [
        {
          "schema_version": 1,
          "attributes": {
            "arn": "arn:aws:ec2:ap-southeast-1:355307076481:security-group/sg-09c9c50193d18412f",
            "description": "Allow inbound development traffic",
            "egress": [
              {
                "cidr_blocks": [
                  "0.0.0.0/0"
                ],
                "description": "",
                "from_port": 0,
                "ipv6_cidr_blocks": [],
                "prefix_list_ids": [],
                "protocol": "-1",
                "security_groups": [],
                "self": false,
                "to_port": 0
              }
            ],
            "id": "sg-09c9c50193d18412f",
            "ingress": [
              {
                "cidr_blocks": [
                  "0.0.0.0/0"
                ],
                "description": "",
                "from_port": 22,
                "ipv6_cidr_blocks": [],
                "prefix_list_ids": [],
                "protocol": "tcp",
                "security_groups": [],
                "self": false,
                "to_port": 22
              }
            ],
            "name": "dev-env-sg",
            "name_prefix": "",
            "owner_id": "355307076481",
            "revoke_rules_on_delete": false,
            "tags": {
              "env": "development",
              "owner": "kiendolorfo@icloud.com"
            },
            "tags_all": {
              "env": "development",
              "owner": "kiendolorfo@icloud.com"
            },
            "timeouts": null,
            "vpc_id": "vpc-094257a8a5ba144eb"
          },
          "sensitive_attributes": [],
          "private": "eyJlMmJmYjczMC1lY2FhLTExZTYtOGY4OC0zNDM2M2JjN2M0YzAiOnsiY3JlYXRlIjo2MDAwMDAwMDAwMDAsImRlbGV0ZSI6OTAwMDAwMDAwMDAwfSwic2NoZW1hX3ZlcnNpb24iOiIxIn0="
        }
      ]
    }
  ],
  "check_results": null
}
